
Microsoft Visual Studio Solution File, Format Version 12.00
# Visual Studio Version 17
VisualStudioVersion = 17.10.35004.147
MinimumVisualStudioVersion = 10.0.40219.1
Project("{FAE04EC0-301F-11D3-BF4B-00C04F79EFBC}") = "StardewOverhaul", "StardewOverhaul\StardewOverhaul.csproj", "{27A7CA33-9027-4059-849D-56057541D1ED}"
EndProject
Global
	GlobalSection(SolutionConfigurationPlatforms) = preSolution
		Debug|Any CPU = Debug|Any CPU
		Release|Any CPU = Release|Any CPU
	EndGlobalSection
	GlobalSection(ProjectConfigurationPlatforms) = postSolution
		{27A7CA33-9027-4059-849D-56057541D1ED}.Debug|Any CPU.ActiveCfg = Debug|Any CPU
		{27A7CA33-9027-4059-849D-56057541D1ED}.Debug|Any CPU.Build.0 = Debug|Any CPU
		{27A7CA33-9027-4059-849D-56057541D1ED}.Release|Any CPU.ActiveCfg = Release|Any CPU
		{27A7CA33-9027-4059-849D-56057541D1ED}.Release|Any CPU.Build.0 = Release|Any CPU
	EndGlobalSection
	GlobalSection(SolutionProperties) = preSolution
		HideSolutionNode = FALSE
	EndGlobalSection
	GlobalSection(ExtensibilityGlobals) = postSolution
		SolutionGuid = {122438D1-F207-47C6-8F66-F7EBD2500306}
	EndGlobalSection
EndGlobal
